
Microsoft Visual Studio Solution File, Format Version 12.00
# Visual Studio 15
VisualStudioVersion = 15.0.28307.757
MinimumVisualStudioVersion = 10.0.40219.1
Project("{FAE04EC0-301F-11D3-BF4B-00C04F79EFBC}") = "MonaDemos", "MonaDemos\MonaDemos.csproj", "{85477ED7-BD08-42CD-BE3B-A567E16B6647}"
EndProject
Project("{2150E333-8FDC-42A3-9474-1A3956D46DE8}") = "Solution Items", "Solution Items", "{ED7286D1-3297-43DC-9EB2-3DBFBAF204A4}"
EndProject
Project("{FAE04EC0-301F-11D3-BF4B-00C04F79EFBC}") = "AutomationTestingQuiz", "AutomationTestingQuiz\AutomationTestingQuiz.csproj", "{96C8E48C-E202-419B-B73F-C1413B65E806}"
EndProject
Global
	GlobalSection(SolutionConfigurationPlatforms) = preSolution
		Debug|Any CPU = Debug|Any CPU
		Release|Any CPU = Release|Any CPU
	EndGlobalSection
	GlobalSection(ProjectConfigurationPlatforms) = postSolution
		{85477ED7-BD08-42CD-BE3B-A567E16B6647}.Debug|Any CPU.ActiveCfg = Debug|Any CPU
		{85477ED7-BD08-42CD-BE3B-A567E16B6647}.Debug|Any CPU.Build.0 = Debug|Any CPU
		{85477ED7-BD08-42CD-BE3B-A567E16B6647}.Release|Any CPU.ActiveCfg = Release|Any CPU
		{85477ED7-BD08-42CD-BE3B-A567E16B6647}.Release|Any CPU.Build.0 = Release|Any CPU
		{96C8E48C-E202-419B-B73F-C1413B65E806}.Debug|Any CPU.ActiveCfg = Debug|Any CPU
		{96C8E48C-E202-419B-B73F-C1413B65E806}.Debug|Any CPU.Build.0 = Debug|Any CPU
		{96C8E48C-E202-419B-B73F-C1413B65E806}.Release|Any CPU.ActiveCfg = Release|Any CPU
		{96C8E48C-E202-419B-B73F-C1413B65E806}.Release|Any CPU.Build.0 = Release|Any CPU
	EndGlobalSection
	GlobalSection(SolutionProperties) = preSolution
		HideSolutionNode = FALSE
	EndGlobalSection
	GlobalSection(ExtensibilityGlobals) = postSolution
		SolutionGuid = {0A4DB408-2FFE-44AD-AE74-F607B6A9C0D3}
	EndGlobalSection
EndGlobal
